
Microsoft Visual Studio Solution File, Format Version 12.00
Project("{FAE04EC0-301F-11D3-BF4B-00C04F79EFBC}") = "CRM", "CRM\CRM.csproj", "{6993BAF8-1AF1-4404-8E44-60F097AA20F4}"
EndProject
Global
	GlobalSection(SolutionConfigurationPlatforms) = preSolution
		Debug|Any CPU = Debug|Any CPU
		Release|Any CPU = Release|Any CPU
	EndGlobalSection
	GlobalSection(ProjectConfigurationPlatforms) = postSolution
		{6993BAF8-1AF1-4404-8E44-60F097AA20F4}.Debug|Any CPU.ActiveCfg = Debug|Any CPU
		{6993BAF8-1AF1-4404-8E44-60F097AA20F4}.Debug|Any CPU.Build.0 = Debug|Any CPU
		{6993BAF8-1AF1-4404-8E44-60F097AA20F4}.Release|Any CPU.ActiveCfg = Release|Any CPU
		{6993BAF8-1AF1-4404-8E44-60F097AA20F4}.Release|Any CPU.Build.0 = Release|Any CPU
	EndGlobalSection
EndGlobal
